
Microsoft Visual Studio Solution File, Format Version 12.00
# Visual Studio Version 16
VisualStudioVersion = 16.0.30204.135
MinimumVisualStudioVersion = 10.0.40219.1
Project("{9A19103F-16F7-4668-BE54-9A1E7A4F7556}") = "Monogame.Processing", "Monogame.Processing\Monogame.Processing.csproj", "{3DD6F8E6-B57B-4B71-A926-BC74722538C8}"
EndProject
Project("{2150E333-8FDC-42A3-9474-1A3956D46DE8}") = "Examples", "Examples", "{EF27B645-3CDF-4AA0-8509-BBED6D4AA748}"
EndProject
Project("{9A19103F-16F7-4668-BE54-9A1E7A4F7556}") = "P3", "P3\P3.csproj", "{BEED9D57-7DED-4360-B9B1-67D32153D043}"
EndProject
Project("{9A19103F-16F7-4668-BE54-9A1E7A4F7556}") = "SineWave", "SineWave\SineWave.csproj", "{8014AB1D-9C87-42F1-B0BC-A7B7D75BFB11}"
EndProject
Project("{9A19103F-16F7-4668-BE54-9A1E7A4F7556}") = "LineRendering", "LineRendering\LineRendering.csproj", "{6BBBE324-DD78-4579-88D9-9F2FB319EC44}"
EndProject
Project("{9A19103F-16F7-4668-BE54-9A1E7A4F7556}") = "Espiral", "Espiral\Espiral.csproj", "{B96C65A2-7486-483B-99A2-F7EED40C106E}"
EndProject
Project("{9A19103F-16F7-4668-BE54-9A1E7A4F7556}") = "Crowded", "Crowded\Crowded.csproj", "{94B23072-84B5-4029-AB70-195A17117ADF}"
EndProject
Project("{9A19103F-16F7-4668-BE54-9A1E7A4F7556}") = "Clock", "Clock\Clock.csproj", "{E1E01B2A-1ECC-4FEE-8D83-41F54B9FD46D}"
EndProject
Project("{9A19103F-16F7-4668-BE54-9A1E7A4F7556}") = "Ball", "Ball\Ball.csproj", "{59D356A6-B143-4771-A91F-D597B4C8BD2B}"
EndProject
Project("{9A19103F-16F7-4668-BE54-9A1E7A4F7556}") = "Worm", "Worm\Worm.csproj", "{8622A556-2143-4526-B117-426882DC790C}"
EndProject
Project("{9A19103F-16F7-4668-BE54-9A1E7A4F7556}") = "Text", "Text\Text.csproj", "{9E454C73-5397-4456-AF57-200D7CEAE967}"
EndProject
Project("{FAE04EC0-301F-11D3-BF4B-00C04F79EFBC}") = "Sound", "Sound\Sound.csproj", "{601B6DA1-7509-4177-9548-3AEFADC918E2}"
EndProject
Global
	GlobalSection(SolutionConfigurationPlatforms) = preSolution
		Debug|Any CPU = Debug|Any CPU
		Release|Any CPU = Release|Any CPU
	EndGlobalSection
	GlobalSection(ProjectConfigurationPlatforms) = postSolution
		{3DD6F8E6-B57B-4B71-A926-BC74722538C8}.Debug|Any CPU.ActiveCfg = Debug|Any CPU
		{3DD6F8E6-B57B-4B71-A926-BC74722538C8}.Debug|Any CPU.Build.0 = Debug|Any CPU
		{3DD6F8E6-B57B-4B71-A926-BC74722538C8}.Release|Any CPU.ActiveCfg = Release|Any CPU
		{3DD6F8E6-B57B-4B71-A926-BC74722538C8}.Release|Any CPU.Build.0 = Release|Any CPU
		{BEED9D57-7DED-4360-B9B1-67D32153D043}.Debug|Any CPU.ActiveCfg = Debug|Any CPU
		{BEED9D57-7DED-4360-B9B1-67D32153D043}.Debug|Any CPU.Build.0 = Debug|Any CPU
		{BEED9D57-7DED-4360-B9B1-67D32153D043}.Release|Any CPU.ActiveCfg = Release|Any CPU
		{BEED9D57-7DED-4360-B9B1-67D32153D043}.Release|Any CPU.Build.0 = Release|Any CPU
		{8014AB1D-9C87-42F1-B0BC-A7B7D75BFB11}.Debug|Any CPU.ActiveCfg = Debug|Any CPU
		{8014AB1D-9C87-42F1-B0BC-A7B7D75BFB11}.Debug|Any CPU.Build.0 = Debug|Any CPU
		{8014AB1D-9C87-42F1-B0BC-A7B7D75BFB11}.Release|Any CPU.ActiveCfg = Release|Any CPU
		{8014AB1D-9C87-42F1-B0BC-A7B7D75BFB11}.Release|Any CPU.Build.0 = Release|Any CPU
		{6BBBE324-DD78-4579-88D9-9F2FB319EC44}.Debug|Any CPU.ActiveCfg = Debug|Any CPU
		{6BBBE324-DD78-4579-88D9-9F2FB319EC44}.Debug|Any CPU.Build.0 = Debug|Any CPU
		{6BBBE324-DD78-4579-88D9-9F2FB319EC44}.Release|Any CPU.ActiveCfg = Release|Any CPU
		{6BBBE324-DD78-4579-88D9-9F2FB319EC44}.Release|Any CPU.Build.0 = Release|Any CPU
		{B96C65A2-7486-483B-99A2-F7EED40C106E}.Debug|Any CPU.ActiveCfg = Debug|Any CPU
		{B96C65A2-7486-483B-99A2-F7EED40C106E}.Debug|Any CPU.Build.0 = Debug|Any CPU
		{B96C65A2-7486-483B-99A2-F7EED40C106E}.Release|Any CPU.ActiveCfg = Release|Any CPU
		{B96C65A2-7486-483B-99A2-F7EED40C106E}.Release|Any CPU.Build.0 = Release|Any CPU
		{94B23072-84B5-4029-AB70-195A17117ADF}.Debug|Any CPU.ActiveCfg = Debug|Any CPU
		{94B23072-84B5-4029-AB70-195A17117ADF}.Debug|Any CPU.Build.0 = Debug|Any CPU
		{94B23072-84B5-4029-AB70-195A17117ADF}.Release|Any CPU.ActiveCfg = Release|Any CPU
		{94B23072-84B5-4029-AB70-195A17117ADF}.Release|Any CPU.Build.0 = Release|Any CPU
		{E1E01B2A-1ECC-4FEE-8D83-41F54B9FD46D}.Debug|Any CPU.ActiveCfg = Debug|Any CPU
		{E1E01B2A-1ECC-4FEE-8D83-41F54B9FD46D}.Debug|Any CPU.Build.0 = Debug|Any CPU
		{E1E01B2A-1ECC-4FEE-8D83-41F54B9FD46D}.Release|Any CPU.ActiveCfg = Release|Any CPU
		{E1E01B2A-1ECC-4FEE-8D83-41F54B9FD46D}.Release|Any CPU.Build.0 = Release|Any CPU
		{59D356A6-B143-4771-A91F-D597B4C8BD2B}.Debug|Any CPU.ActiveCfg = Debug|Any CPU
		{59D356A6-B143-4771-A91F-D597B4C8BD2B}.Debug|Any CPU.Build.0 = Debug|Any CPU
		{59D356A6-B143-4771-A91F-D597B4C8BD2B}.Release|Any CPU.ActiveCfg = Release|Any CPU
		{59D356A6-B143-4771-A91F-D597B4C8BD2B}.Release|Any CPU.Build.0 = Release|Any CPU
		{8622A556-2143-4526-B117-426882DC790C}.Debug|Any CPU.ActiveCfg = Debug|Any CPU
		{8622A556-2143-4526-B117-426882DC790C}.Debug|Any CPU.Build.0 = Debug|Any CPU
		{8622A556-2143-4526-B117-426882DC790C}.Release|Any CPU.ActiveCfg = Release|Any CPU
		{8622A556-2143-4526-B117-426882DC790C}.Release|Any CPU.Build.0 = Release|Any CPU
		{9E454C73-5397-4456-AF57-200D7CEAE967}.Debug|Any CPU.ActiveCfg = Debug|Any CPU
		{9E454C73-5397-4456-AF57-200D7CEAE967}.Debug|Any CPU.Build.0 = Debug|Any CPU
		{9E454C73-5397-4456-AF57-200D7CEAE967}.Release|Any CPU.ActiveCfg = Release|Any CPU
		{9E454C73-5397-4456-AF57-200D7CEAE967}.Release|Any CPU.Build.0 = Release|Any CPU
		{601B6DA1-7509-4177-9548-3AEFADC918E2}.Debug|Any CPU.ActiveCfg = Debug|Any CPU
		{601B6DA1-7509-4177-9548-3AEFADC918E2}.Debug|Any CPU.Build.0 = Debug|Any CPU
		{601B6DA1-7509-4177-9548-3AEFADC918E2}.Release|Any CPU.ActiveCfg = Release|Any CPU
		{601B6DA1-7509-4177-9548-3AEFADC918E2}.Release|Any CPU.Build.0 = Release|Any CPU
	EndGlobalSection
	GlobalSection(SolutionProperties) = preSolution
		HideSolutionNode = FALSE
	EndGlobalSection
	GlobalSection(NestedProjects) = preSolution
		{BEED9D57-7DED-4360-B9B1-67D32153D043} = {EF27B645-3CDF-4AA0-8509-BBED6D4AA748}
		{8014AB1D-9C87-42F1-B0BC-A7B7D75BFB11} = {EF27B645-3CDF-4AA0-8509-BBED6D4AA748}
		{6BBBE324-DD78-4579-88D9-9F2FB319EC44} = {EF27B645-3CDF-4AA0-8509-BBED6D4AA748}
		{B96C65A2-7486-483B-99A2-F7EED40C106E} = {EF27B645-3CDF-4AA0-8509-BBED6D4AA748}
		{94B23072-84B5-4029-AB70-195A17117ADF} = {EF27B645-3CDF-4AA0-8509-BBED6D4AA748}
		{E1E01B2A-1ECC-4FEE-8D83-41F54B9FD46D} = {EF27B645-3CDF-4AA0-8509-BBED6D4AA748}
		{59D356A6-B143-4771-A91F-D597B4C8BD2B} = {EF27B645-3CDF-4AA0-8509-BBED6D4AA748}
		{8622A556-2143-4526-B117-426882DC790C} = {EF27B645-3CDF-4AA0-8509-BBED6D4AA748}
		{9E454C73-5397-4456-AF57-200D7CEAE967} = {EF27B645-3CDF-4AA0-8509-BBED6D4AA748}
		{601B6DA1-7509-4177-9548-3AEFADC918E2} = {EF27B645-3CDF-4AA0-8509-BBED6D4AA748}
	EndGlobalSection
	GlobalSection(ExtensibilityGlobals) = postSolution
		SolutionGuid = {3163C8E3-400F-4706-8222-BD35015DB715}
	EndGlobalSection
EndGlobal
