
Microsoft Visual Studio Solution File, Format Version 12.00
# Visual Studio Version 17
VisualStudioVersion = 17.14.36127.28
MinimumVisualStudioVersion = 10.0.40219.1
Project("{FAE04EC0-301F-11D3-BF4B-00C04F79EFBC}") = "Monogame.Processing", "Monogame.Processing.csproj", "{DE235FF3-40AF-A491-1A15-64E764758AB3}"
EndProject
Project("{FAE04EC0-301F-11D3-BF4B-00C04F79EFBC}") = "Ball", "..\Examples\Ball\Ball.csproj", "{9A5B6CBA-EBD3-E17B-6210-49F760A100AF}"
EndProject
Project("{FAE04EC0-301F-11D3-BF4B-00C04F79EFBC}") = "Clock", "..\Examples\Clock\Clock.csproj", "{41163E12-3B29-6163-745E-7662BF264F6F}"
EndProject
Project("{FAE04EC0-301F-11D3-BF4B-00C04F79EFBC}") = "Crowded", "..\Examples\Crowded\Crowded.csproj", "{0D275010-3700-B9D4-9DC4-BB9E9832DC05}"
EndProject
Project("{FAE04EC0-301F-11D3-BF4B-00C04F79EFBC}") = "Espiral", "..\Examples\Espiral\Espiral.csproj", "{3ED902E6-7CFD-F410-D902-93702CEED91F}"
EndProject
Project("{FAE04EC0-301F-11D3-BF4B-00C04F79EFBC}") = "LineRendering", "..\Examples\LineRendering\LineRendering.csproj", "{B5EC6F0C-A19B-48E1-D3ED-8E3689D6FB74}"
EndProject
Project("{FAE04EC0-301F-11D3-BF4B-00C04F79EFBC}") = "P3", "..\Examples\P3\P3.csproj", "{DDBAE9BE-C26C-8FF2-9841-382EB7532598}"
EndProject
Project("{FAE04EC0-301F-11D3-BF4B-00C04F79EFBC}") = "SineWave", "..\Examples\SineWave\SineWave.csproj", "{5C0C1B65-1BF6-B909-FF20-D9D9AA4F9581}"
EndProject
Project("{FAE04EC0-301F-11D3-BF4B-00C04F79EFBC}") = "Test", "..\Examples\Test\Test.csproj", "{DF7F36E5-8E35-CC79-11AF-D6407A39579A}"
EndProject
Project("{FAE04EC0-301F-11D3-BF4B-00C04F79EFBC}") = "Text", "..\Examples\Text\Text.csproj", "{02947215-3362-1D04-9D58-97E7E1979169}"
EndProject
Project("{FAE04EC0-301F-11D3-BF4B-00C04F79EFBC}") = "Worm", "..\Examples\Worm\Worm.csproj", "{E10F963C-C872-3787-016E-4A8A2BDA1069}"
EndProject
Project("{2150E333-8FDC-42A3-9474-1A3956D46DE8}") = "Examples", "Examples", "{02EA681E-C7D8-13C7-8484-4AC65E1B71E8}"
EndProject
Project("{FAE04EC0-301F-11D3-BF4B-00C04F79EFBC}") = "Circle", "..\Examples\Circle\Circle.csproj", "{3AA227AD-5B55-4338-B364-14220D8FDC83}"
EndProject
Global
	GlobalSection(SolutionConfigurationPlatforms) = preSolution
		Debug|Any CPU = Debug|Any CPU
		Release|Any CPU = Release|Any CPU
	EndGlobalSection
	GlobalSection(ProjectConfigurationPlatforms) = postSolution
		{DE235FF3-40AF-A491-1A15-64E764758AB3}.Debug|Any CPU.ActiveCfg = Debug|Any CPU
		{DE235FF3-40AF-A491-1A15-64E764758AB3}.Debug|Any CPU.Build.0 = Debug|Any CPU
		{DE235FF3-40AF-A491-1A15-64E764758AB3}.Release|Any CPU.ActiveCfg = Release|Any CPU
		{DE235FF3-40AF-A491-1A15-64E764758AB3}.Release|Any CPU.Build.0 = Release|Any CPU
		{9A5B6CBA-EBD3-E17B-6210-49F760A100AF}.Debug|Any CPU.ActiveCfg = Debug|Any CPU
		{9A5B6CBA-EBD3-E17B-6210-49F760A100AF}.Debug|Any CPU.Build.0 = Debug|Any CPU
		{9A5B6CBA-EBD3-E17B-6210-49F760A100AF}.Release|Any CPU.ActiveCfg = Release|Any CPU
		{9A5B6CBA-EBD3-E17B-6210-49F760A100AF}.Release|Any CPU.Build.0 = Release|Any CPU
		{41163E12-3B29-6163-745E-7662BF264F6F}.Debug|Any CPU.ActiveCfg = Debug|Any CPU
		{41163E12-3B29-6163-745E-7662BF264F6F}.Debug|Any CPU.Build.0 = Debug|Any CPU
		{41163E12-3B29-6163-745E-7662BF264F6F}.Release|Any CPU.ActiveCfg = Release|Any CPU
		{41163E12-3B29-6163-745E-7662BF264F6F}.Release|Any CPU.Build.0 = Release|Any CPU
		{0D275010-3700-B9D4-9DC4-BB9E9832DC05}.Debug|Any CPU.ActiveCfg = Debug|Any CPU
		{0D275010-3700-B9D4-9DC4-BB9E9832DC05}.Debug|Any CPU.Build.0 = Debug|Any CPU
		{0D275010-3700-B9D4-9DC4-BB9E9832DC05}.Release|Any CPU.ActiveCfg = Release|Any CPU
		{0D275010-3700-B9D4-9DC4-BB9E9832DC05}.Release|Any CPU.Build.0 = Release|Any CPU
		{3ED902E6-7CFD-F410-D902-93702CEED91F}.Debug|Any CPU.ActiveCfg = Debug|Any CPU
		{3ED902E6-7CFD-F410-D902-93702CEED91F}.Debug|Any CPU.Build.0 = Debug|Any CPU
		{3ED902E6-7CFD-F410-D902-93702CEED91F}.Release|Any CPU.ActiveCfg = Release|Any CPU
		{3ED902E6-7CFD-F410-D902-93702CEED91F}.Release|Any CPU.Build.0 = Release|Any CPU
		{B5EC6F0C-A19B-48E1-D3ED-8E3689D6FB74}.Debug|Any CPU.ActiveCfg = Debug|Any CPU
		{B5EC6F0C-A19B-48E1-D3ED-8E3689D6FB74}.Debug|Any CPU.Build.0 = Debug|Any CPU
		{B5EC6F0C-A19B-48E1-D3ED-8E3689D6FB74}.Release|Any CPU.ActiveCfg = Release|Any CPU
		{B5EC6F0C-A19B-48E1-D3ED-8E3689D6FB74}.Release|Any CPU.Build.0 = Release|Any CPU
		{DDBAE9BE-C26C-8FF2-9841-382EB7532598}.Debug|Any CPU.ActiveCfg = Debug|Any CPU
		{DDBAE9BE-C26C-8FF2-9841-382EB7532598}.Debug|Any CPU.Build.0 = Debug|Any CPU
		{DDBAE9BE-C26C-8FF2-9841-382EB7532598}.Release|Any CPU.ActiveCfg = Release|Any CPU
		{DDBAE9BE-C26C-8FF2-9841-382EB7532598}.Release|Any CPU.Build.0 = Release|Any CPU
		{5C0C1B65-1BF6-B909-FF20-D9D9AA4F9581}.Debug|Any CPU.ActiveCfg = Debug|Any CPU
		{5C0C1B65-1BF6-B909-FF20-D9D9AA4F9581}.Debug|Any CPU.Build.0 = Debug|Any CPU
		{5C0C1B65-1BF6-B909-FF20-D9D9AA4F9581}.Release|Any CPU.ActiveCfg = Release|Any CPU
		{5C0C1B65-1BF6-B909-FF20-D9D9AA4F9581}.Release|Any CPU.Build.0 = Release|Any CPU
		{DF7F36E5-8E35-CC79-11AF-D6407A39579A}.Debug|Any CPU.ActiveCfg = Debug|Any CPU
		{DF7F36E5-8E35-CC79-11AF-D6407A39579A}.Debug|Any CPU.Build.0 = Debug|Any CPU
		{DF7F36E5-8E35-CC79-11AF-D6407A39579A}.Release|Any CPU.ActiveCfg = Release|Any CPU
		{DF7F36E5-8E35-CC79-11AF-D6407A39579A}.Release|Any CPU.Build.0 = Release|Any CPU
		{02947215-3362-1D04-9D58-97E7E1979169}.Debug|Any CPU.ActiveCfg = Debug|Any CPU
		{02947215-3362-1D04-9D58-97E7E1979169}.Debug|Any CPU.Build.0 = Debug|Any CPU
		{02947215-3362-1D04-9D58-97E7E1979169}.Release|Any CPU.ActiveCfg = Release|Any CPU
		{02947215-3362-1D04-9D58-97E7E1979169}.Release|Any CPU.Build.0 = Release|Any CPU
		{E10F963C-C872-3787-016E-4A8A2BDA1069}.Debug|Any CPU.ActiveCfg = Debug|Any CPU
		{E10F963C-C872-3787-016E-4A8A2BDA1069}.Debug|Any CPU.Build.0 = Debug|Any CPU
		{E10F963C-C872-3787-016E-4A8A2BDA1069}.Release|Any CPU.ActiveCfg = Release|Any CPU
		{E10F963C-C872-3787-016E-4A8A2BDA1069}.Release|Any CPU.Build.0 = Release|Any CPU
		{3AA227AD-5B55-4338-B364-14220D8FDC83}.Debug|Any CPU.ActiveCfg = Debug|Any CPU
		{3AA227AD-5B55-4338-B364-14220D8FDC83}.Debug|Any CPU.Build.0 = Debug|Any CPU
		{3AA227AD-5B55-4338-B364-14220D8FDC83}.Release|Any CPU.ActiveCfg = Release|Any CPU
		{3AA227AD-5B55-4338-B364-14220D8FDC83}.Release|Any CPU.Build.0 = Release|Any CPU
	EndGlobalSection
	GlobalSection(SolutionProperties) = preSolution
		HideSolutionNode = FALSE
	EndGlobalSection
	GlobalSection(NestedProjects) = preSolution
		{9A5B6CBA-EBD3-E17B-6210-49F760A100AF} = {02EA681E-C7D8-13C7-8484-4AC65E1B71E8}
		{41163E12-3B29-6163-745E-7662BF264F6F} = {02EA681E-C7D8-13C7-8484-4AC65E1B71E8}
		{0D275010-3700-B9D4-9DC4-BB9E9832DC05} = {02EA681E-C7D8-13C7-8484-4AC65E1B71E8}
		{3ED902E6-7CFD-F410-D902-93702CEED91F} = {02EA681E-C7D8-13C7-8484-4AC65E1B71E8}
		{B5EC6F0C-A19B-48E1-D3ED-8E3689D6FB74} = {02EA681E-C7D8-13C7-8484-4AC65E1B71E8}
		{DDBAE9BE-C26C-8FF2-9841-382EB7532598} = {02EA681E-C7D8-13C7-8484-4AC65E1B71E8}
		{5C0C1B65-1BF6-B909-FF20-D9D9AA4F9581} = {02EA681E-C7D8-13C7-8484-4AC65E1B71E8}
		{DF7F36E5-8E35-CC79-11AF-D6407A39579A} = {02EA681E-C7D8-13C7-8484-4AC65E1B71E8}
		{02947215-3362-1D04-9D58-97E7E1979169} = {02EA681E-C7D8-13C7-8484-4AC65E1B71E8}
		{E10F963C-C872-3787-016E-4A8A2BDA1069} = {02EA681E-C7D8-13C7-8484-4AC65E1B71E8}
		{3AA227AD-5B55-4338-B364-14220D8FDC83} = {02EA681E-C7D8-13C7-8484-4AC65E1B71E8}
	EndGlobalSection
	GlobalSection(ExtensibilityGlobals) = postSolution
		SolutionGuid = {42F708BE-D2E3-45B4-83B1-5CE9F3019D47}
	EndGlobalSection
EndGlobal
